// !$*UTF8*$!
{
	archiveVersion = 1;
	classes = {
	};
	objectVersion = 50;
	objects = {

/* Begin PBXBuildFile section */
		4219FD8F26486C230000F1F9 /* CryptoCurrencies.swift in Sources */ = {isa = PBXBuildFile; fileRef = 4219FD8E26486C230000F1F9 /* CryptoCurrencies.swift */; };
		4219FD912649A91D0000F1F9 /* CryptoCollectionViewCell.swift in Sources */ = {isa = PBXBuildFile; fileRef = 4219FD902649A91D0000F1F9 /* CryptoCollectionViewCell.swift */; };
		4219FD93264C0DEB0000F1F9 /* CryptoCollectionViewSectionHeader.swift in Sources */ = {isa = PBXBuildFile; fileRef = 4219FD92264C0DEB0000F1F9 /* CryptoCollectionViewSectionHeader.swift */; };
		4EA90DB326479F1B007C0D39 /* AppDelegate.swift in Sources */ = {isa = PBXBuildFile; fileRef = 4EA90DB226479F1B007C0D39 /* AppDelegate.swift */; };
		4EA90DB526479F1B007C0D39 /* SceneDelegate.swift in Sources */ = {isa = PBXBuildFile; fileRef = 4EA90DB426479F1B007C0D39 /* SceneDelegate.swift */; };
		4EA90DB726479F1B007C0D39 /* ViewController.swift in Sources */ = {isa = PBXBuildFile; fileRef = 4EA90DB626479F1B007C0D39 /* ViewController.swift */; };
		4EA90DBA26479F1B007C0D39 /* Main.storyboard in Resources */ = {isa = PBXBuildFile; fileRef = 4EA90DB826479F1B007C0D39 /* Main.storyboard */; };
		4EA90DBC26479F1D007C0D39 /* Assets.xcassets in Resources */ = {isa = PBXBuildFile; fileRef = 4EA90DBB26479F1D007C0D39 /* Assets.xcassets */; };
		4EA90DBF26479F1D007C0D39 /* LaunchScreen.storyboard in Resources */ = {isa = PBXBuildFile; fileRef = 4EA90DBD26479F1D007C0D39 /* LaunchScreen.storyboard */; };
		4EA90DC726479F43007C0D39 /* NetworkData.swift in Sources */ = {isa = PBXBuildFile; fileRef = 4EA90DC626479F43007C0D39 /* NetworkData.swift */; };
		4EA90DC926479F8A007C0D39 /* Model.swift in Sources */ = {isa = PBXBuildFile; fileRef = 4EA90DC826479F8A007C0D39 /* Model.swift */; };
/* End PBXBuildFile section */

/* Begin PBXFileReference section */
		4219FD8E26486C230000F1F9 /* CryptoCurrencies.swift */ = {isa = PBXFileReference; lastKnownFileType = sourcecode.swift; path = CryptoCurrencies.swift; sourceTree = "<group>"; };
		4219FD902649A91D0000F1F9 /* CryptoCollectionViewCell.swift */ = {isa = PBXFileReference; lastKnownFileType = sourcecode.swift; path = CryptoCollectionViewCell.swift; sourceTree = "<group>"; };
		4219FD92264C0DEB0000F1F9 /* CryptoCollectionViewSectionHeader.swift */ = {isa = PBXFileReference; lastKnownFileType = sourcecode.swift; path = CryptoCollectionViewSectionHeader.swift; sourceTree = "<group>"; };
		4EA90DAF26479F1B007C0D39 /* CryptoCurrency.app */ = {isa = PBXFileReference; explicitFileType = wrapper.application; includeInIndex = 0; path = CryptoCurrency.app; sourceTree = BUILT_PRODUCTS_DIR; };
		4EA90DB226479F1B007C0D39 /* AppDelegate.swift */ = {isa = PBXFileReference; lastKnownFileType = sourcecode.swift; path = AppDelegate.swift; sourceTree = "<group>"; };
		4EA90DB426479F1B007C0D39 /* SceneDelegate.swift */ = {isa = PBXFileReference; lastKnownFileType = sourcecode.swift; path = SceneDelegate.swift; sourceTree = "<group>"; };
		4EA90DB626479F1B007C0D39 /* ViewController.swift */ = {isa = PBXFileReference; lastKnownFileType = sourcecode.swift; path = ViewController.swift; sourceTree = "<group>"; };
		4EA90DB926479F1B007C0D39 /* Base */ = {isa = PBXFileReference; lastKnownFileType = file.storyboard; name = Base; path = Base.lproj/Main.storyboard; sourceTree = "<group>"; };
		4EA90DBB26479F1D007C0D39 /* Assets.xcassets */ = {isa = PBXFileReference; lastKnownFileType = folder.assetcatalog; path = Assets.xcassets; sourceTree = "<group>"; };
		4EA90DBE26479F1D007C0D39 /* Base */ = {isa = PBXFileReference; lastKnownFileType = file.storyboard; name = Base; path = Base.lproj/LaunchScreen.storyboard; sourceTree = "<group>"; };
		4EA90DC026479F1D007C0D39 /* Info.plist */ = {isa = PBXFileReference; lastKnownFileType = text.plist.xml; path = Info.plist; sourceTree = "<group>"; };
		4EA90DC626479F43007C0D39 /* NetworkData.swift */ = {isa = PBXFileReference; lastKnownFileType = sourcecode.swift; path = NetworkData.swift; sourceTree = "<group>"; };
		4EA90DC826479F8A007C0D39 /* Model.swift */ = {isa = PBXFileReference; lastKnownFileType = sourcecode.swift; path = Model.swift; sourceTree = "<group>"; };
/* End PBXFileReference section */

/* Begin PBXFrameworksBuildPhase section */
		4EA90DAC26479F1B007C0D39 /* Frameworks */ = {
			isa = PBXFrameworksBuildPhase;
			buildActionMask = 2147483647;
			files = (
			);
			runOnlyForDeploymentPostprocessing = 0;
		};
/* End PBXFrameworksBuildPhase section */

/* Begin PBXGroup section */
		4EA90DA626479F1B007C0D39 = {
			isa = PBXGroup;
			children = (
				4EA90DB126479F1B007C0D39 /* CryptoCurrency */,
				4EA90DB026479F1B007C0D39 /* Products */,
			);
			sourceTree = "<group>";
		};
		4EA90DB026479F1B007C0D39 /* Products */ = {
			isa = PBXGroup;
			children = (
				4EA90DAF26479F1B007C0D39 /* CryptoCurrency.app */,
			);
			name = Products;
			sourceTree = "<group>";
		};
		4EA90DB126479F1B007C0D39 /* CryptoCurrency */ = {
			isa = PBXGroup;
			children = (
				4EA90DB226479F1B007C0D39 /* AppDelegate.swift */,
				4EA90DB426479F1B007C0D39 /* SceneDelegate.swift */,
				4EA90DB826479F1B007C0D39 /* Main.storyboard */,
				4EA90DBB26479F1D007C0D39 /* Assets.xcassets */,
				4EA90DBD26479F1D007C0D39 /* LaunchScreen.storyboard */,
				4EA90DC026479F1D007C0D39 /* Info.plist */,
				4EA90DB626479F1B007C0D39 /* ViewController.swift */,
				4219FD8E26486C230000F1F9 /* CryptoCurrencies.swift */,
				4219FD902649A91D0000F1F9 /* CryptoCollectionViewCell.swift */,
				4219FD92264C0DEB0000F1F9 /* CryptoCollectionViewSectionHeader.swift */,
				4EA90DC826479F8A007C0D39 /* Model.swift */,
				4EA90DC626479F43007C0D39 /* NetworkData.swift */,
			);
			path = CryptoCurrency;
			sourceTree = "<group>";
		};
/* End PBXGroup section */

/* Begin PBXNativeTarget section */
		4EA90DAE26479F1B007C0D39 /* CryptoCurrency */ = {
			isa = PBXNativeTarget;
			buildConfigurationList = 4EA90DC326479F1D007C0D39 /* Build configuration list for PBXNativeTarget "CryptoCurrency" */;
			buildPhases = (
				4EA90DAB26479F1B007C0D39 /* Sources */,
				4EA90DAC26479F1B007C0D39 /* Frameworks */,
				4EA90DAD26479F1B007C0D39 /* Resources */,
			);
			buildRules = (
			);
			dependencies = (
			);
			name = CryptoCurrency;
			productName = CryptoCurrency;
			productReference = 4EA90DAF26479F1B007C0D39 /* CryptoCurrency.app */;
			productType = "com.apple.product-type.application";
		};
/* End PBXNativeTarget section */

/* Begin PBXProject section */
		4EA90DA726479F1B007C0D39 /* Project object */ = {
			isa = PBXProject;
			attributes = {
				LastSwiftUpdateCheck = 1250;
				LastUpgradeCheck = 1250;
				TargetAttributes = {
					4EA90DAE26479F1B007C0D39 = {
						CreatedOnToolsVersion = 12.5;
					};
				};
			};
			buildConfigurationList = 4EA90DAA26479F1B007C0D39 /* Build configuration list for PBXProject "CryptoCurrency" */;
			compatibilityVersion = "Xcode 9.3";
			developmentRegion = en;
			hasScannedForEncodings = 0;
			knownRegions = (
				en,
				Base,
			);
			mainGroup = 4EA90DA626479F1B007C0D39;
			productRefGroup = 4EA90DB026479F1B007C0D39 /* Products */;
			projectDirPath = "";
			projectRoot = "";
			targets = (
				4EA90DAE26479F1B007C0D39 /* CryptoCurrency */,
			);
		};
/* End PBXProject section */

/* Begin PBXResourcesBuildPhase section */
		4EA90DAD26479F1B007C0D39 /* Resources */ = {
			isa = PBXResourcesBuildPhase;
			buildActionMask = 2147483647;
			files = (
				4EA90DBF26479F1D007C0D39 /* LaunchScreen.storyboard in Resources */,
				4EA90DBC26479F1D007C0D39 /* Assets.xcassets in Resources */,
				4EA90DBA26479F1B007C0D39 /* Main.storyboard in Resources */,
			);
			runOnlyForDeploymentPostprocessing = 0;
		};
/* End PBXResourcesBuildPhase section */

/* Begin PBXSourcesBuildPhase section */
		4EA90DAB26479F1B007C0D39 /* Sources */ = {
			isa = PBXSourcesBuildPhase;
			buildActionMask = 2147483647;
			files = (
				4219FD93264C0DEB0000F1F9 /* CryptoCollectionViewSectionHeader.swift in Sources */,
				4EA90DC926479F8A007C0D39 /* Model.swift in Sources */,
				4219FD8F26486C230000F1F9 /* CryptoCurrencies.swift in Sources */,
				4EA90DC726479F43007C0D39 /* NetworkData.swift in Sources */,
				4EA90DB726479F1B007C0D39 /* ViewController.swift in Sources */,
				4EA90DB326479F1B007C0D39 /* AppDelegate.swift in Sources */,
				4EA90DB526479F1B007C0D39 /* SceneDelegate.swift in Sources */,
				4219FD912649A91D0000F1F9 /* CryptoCollectionViewCell.swift in Sources */,
			);
			runOnlyForDeploymentPostprocessing = 0;
		};
/* End PBXSourcesBuildPhase section */

/* Begin PBXVariantGroup section */
		4EA90DB826479F1B007C0D39 /* Main.storyboard */ = {
			isa = PBXVariantGroup;
			children = (
				4EA90DB926479F1B007C0D39 /* Base */,
			);
			name = Main.storyboard;
			sourceTree = "<group>";
		};
		4EA90DBD26479F1D007C0D39 /* LaunchScreen.storyboard */ = {
			isa = PBXVariantGroup;
			children = (
				4EA90DBE26479F1D007C0D39 /* Base */,
			);
			name = LaunchScreen.storyboard;
			sourceTree = "<group>";
		};
/* End PBXVariantGroup section */

/* Begin XCBuildConfiguration section */
		4EA90DC126479F1D007C0D39 /* Debug */ = {
			isa = XCBuildConfiguration;
			buildSettings = {
				ALWAYS_SEARCH_USER_PATHS = NO;
				CLANG_ANALYZER_NONNULL = YES;
				CLANG_ANALYZER_NUMBER_OBJECT_CONVERSION = YES_AGGRESSIVE;
				CLANG_CXX_LANGUAGE_STANDARD = "gnu++14";
				CLANG_CXX_LIBRARY = "libc++";
				CLANG_ENABLE_MODULES = YES;
				CLANG_ENABLE_OBJC_ARC = YES;
				CLANG_ENABLE_OBJC_WEAK = YES;
				CLANG_WARN_BLOCK_CAPTURE_AUTORELEASING = YES;
				CLANG_WARN_BOOL_CONVERSION = YES;
				CLANG_WARN_COMMA = YES;
				CLANG_WARN_CONSTANT_CONVERSION = YES;
				CLANG_WARN_DEPRECATED_OBJC_IMPLEMENTATIONS = YES;
				CLANG_WARN_DIRECT_OBJC_ISA_USAGE = YES_ERROR;
				CLANG_WARN_DOCUMENTATION_COMMENTS = YES;
				CLANG_WARN_EMPTY_BODY = YES;
				CLANG_WARN_ENUM_CONVERSION = YES;
				CLANG_WARN_INFINITE_RECURSION = YES;
				CLANG_WARN_INT_CONVERSION = YES;
				CLANG_WARN_NON_LITERAL_NULL_CONVERSION = YES;
				CLANG_WARN_OBJC_IMPLICIT_RETAIN_SELF = YES;
				CLANG_WARN_OBJC_LITERAL_CONVERSION = YES;
				CLANG_WARN_OBJC_ROOT_CLASS = YES_ERROR;
				CLANG_WARN_QUOTED_INCLUDE_IN_FRAMEWORK_HEADER = YES;
				CLANG_WARN_RANGE_LOOP_ANALYSIS = YES;
				CLANG_WARN_STRICT_PROTOTYPES = YES;
				CLANG_WARN_SUSPICIOUS_MOVE = YES;
				CLANG_WARN_UNGUARDED_AVAILABILITY = YES_AGGRESSIVE;
				CLANG_WARN_UNREACHABLE_CODE = YES;
				CLANG_WARN__DUPLICATE_METHOD_MATCH = YES;
				COPY_PHASE_STRIP = NO;
				DEBUG_INFORMATION_FORMAT = dwarf;
				ENABLE_STRICT_OBJC_MSGSEND = YES;
				ENABLE_TESTABILITY = YES;
				GCC_C_LANGUAGE_STANDARD = gnu11;
				GCC_DYNAMIC_NO_PIC = NO;
				GCC_NO_COMMON_BLOCKS = YES;
				GCC_OPTIMIZATION_LEVEL = 0;
				GCC_PREPROCESSOR_DEFINITIONS = (
					"DEBUG=1",
					"$(inherited)",
				);
				GCC_WARN_64_TO_32_BIT_CONVERSION = YES;
				GCC_WARN_ABOUT_RETURN_TYPE = YES_ERROR;
				GCC_WARN_UNDECLARED_SELECTOR = YES;
				GCC_WARN_UNINITIALIZED_AUTOS = YES_AGGRESSIVE;
				GCC_WARN_UNUSED_FUNCTION = YES;
				GCC_WARN_UNUSED_VARIABLE = YES;
				IPHONEOS_DEPLOYMENT_TARGET = 14.1;
				MTL_ENABLE_DEBUG_INFO = INCLUDE_SOURCE;
				MTL_FAST_MATH = YES;
				ONLY_ACTIVE_ARCH = YES;
				SDKROOT = iphoneos;
				SWIFT_ACTIVE_COMPILATION_CONDITIONS = DEBUG;
				SWIFT_OPTIMIZATION_LEVEL = "-Onone";
			};
			name = Debug;
		};
		4EA90DC226479F1D007C0D39 /* Release */ = {
			isa = XCBuildConfiguration;
			buildSettings = {
				ALWAYS_SEARCH_USER_PATHS = NO;
				CLANG_ANALYZER_NONNULL = YES;
				CLANG_ANALYZER_NUMBER_OBJECT_CONVERSION = YES_AGGRESSIVE;
				CLANG_CXX_LANGUAGE_STANDARD = "gnu++14";
				CLANG_CXX_LIBRARY = "libc++";
				CLANG_ENABLE_MODULES = YES;
				CLANG_ENABLE_OBJC_ARC = YES;
				CLANG_ENABLE_OBJC_WEAK = YES;
				CLANG_WARN_BLOCK_CAPTURE_AUTORELEASING = YES;
				CLANG_WARN_BOOL_CONVERSION = YES;
				CLANG_WARN_COMMA = YES;
				CLANG_WARN_CONSTANT_CONVERSION = YES;
				CLANG_WARN_DEPRECATED_OBJC_IMPLEMENTATIONS = YES;
				CLANG_WARN_DIRECT_OBJC_ISA_USAGE = YES_ERROR;
				CLANG_WARN_DOCUMENTATION_COMMENTS = YES;
				CLANG_WARN_EMPTY_BODY = YES;
				CLANG_WARN_ENUM_CONVERSION = YES;
				CLANG_WARN_INFINITE_RECURSION = YES;
				CLANG_WARN_INT_CONVERSION = YES;
				CLANG_WARN_NON_LITERAL_NULL_CONVERSION = YES;
				CLANG_WARN_OBJC_IMPLICIT_RETAIN_SELF = YES;
				CLANG_WARN_OBJC_LITERAL_CONVERSION = YES;
				CLANG_WARN_OBJC_ROOT_CLASS = YES_ERROR;
				CLANG_WARN_QUOTED_INCLUDE_IN_FRAMEWORK_HEADER = YES;
				CLANG_WARN_RANGE_LOOP_ANALYSIS = YES;
				CLANG_WARN_STRICT_PROTOTYPES = YES;
				CLANG_WARN_SUSPICIOUS_MOVE = YES;
				CLANG_WARN_UNGUARDED_AVAILABILITY = YES_AGGRESSIVE;
				CLANG_WARN_UNREACHABLE_CODE = YES;
				CLANG_WARN__DUPLICATE_METHOD_MATCH = YES;
				COPY_PHASE_STRIP = NO;
				DEBUG_INFORMATION_FORMAT = "dwarf-with-dsym";
				ENABLE_NS_ASSERTIONS = NO;
				ENABLE_STRICT_OBJC_MSGSEND = YES;
				GCC_C_LANGUAGE_STANDARD = gnu11;
				GCC_NO_COMMON_BLOCKS = YES;
				GCC_WARN_64_TO_32_BIT_CONVERSION = YES;
				GCC_WARN_ABOUT_RETURN_TYPE = YES_ERROR;
				GCC_WARN_UNDECLARED_SELECTOR = YES;
				GCC_WARN_UNINITIALIZED_AUTOS = YES_AGGRESSIVE;
				GCC_WARN_UNUSED_FUNCTION = YES;
				GCC_WARN_UNUSED_VARIABLE = YES;
				IPHONEOS_DEPLOYMENT_TARGET = 14.1;
				MTL_ENABLE_DEBUG_INFO = NO;
				MTL_FAST_MATH = YES;
				SDKROOT = iphoneos;
				SWIFT_COMPILATION_MODE = wholemodule;
				SWIFT_OPTIMIZATION_LEVEL = "-O";
				VALIDATE_PRODUCT = YES;
			};
			name = Release;
		};
		4EA90DC426479F1D007C0D39 /* Debug */ = {
			isa = XCBuildConfiguration;
			buildSettings = {
				ASSETCATALOG_COMPILER_APPICON_NAME = AppIcon;
				ASSETCATALOG_COMPILER_GLOBAL_ACCENT_COLOR_NAME = AccentColor;
				CODE_SIGN_STYLE = Automatic;
				DEVELOPMENT_TEAM = 5EP5YM7PC7;
				INFOPLIST_FILE = CryptoCurrency/Info.plist;
				LD_RUNPATH_SEARCH_PATHS = (
					"$(inherited)",
					"@executable_path/Frameworks",
				);
				PRODUCT_BUNDLE_IDENTIFIER = com.hcanfly.CryptoCurrency;
				PRODUCT_NAME = "$(TARGET_NAME)";
				SWIFT_VERSION = 5.0;
				TARGETED_DEVICE_FAMILY = 1;
			};
			name = Debug;
		};
		4EA90DC526479F1D007C0D39 /* Release */ = {
			isa = XCBuildConfiguration;
			buildSettings = {
				ASSETCATALOG_COMPILER_APPICON_NAME = AppIcon;
				ASSETCATALOG_COMPILER_GLOBAL_ACCENT_COLOR_NAME = AccentColor;
				CODE_SIGN_STYLE = Automatic;
				DEVELOPMENT_TEAM = 5EP5YM7PC7;
				INFOPLIST_FILE = CryptoCurrency/Info.plist;
				LD_RUNPATH_SEARCH_PATHS = (
					"$(inherited)",
					"@executable_path/Frameworks",
				);
				PRODUCT_BUNDLE_IDENTIFIER = com.hcanfly.CryptoCurrency;
				PRODUCT_NAME = "$(TARGET_NAME)";
				SWIFT_VERSION = 5.0;
				TARGETED_DEVICE_FAMILY = 1;
			};
			name = Release;
		};
/* End XCBuildConfiguration section */

/* Begin XCConfigurationList section */
		4EA90DAA26479F1B007C0D39 /* Build configuration list for PBXProject "CryptoCurrency" */ = {
			isa = XCConfigurationList;
			buildConfigurations = (
				4EA90DC126479F1D007C0D39 /* Debug */,
				4EA90DC226479F1D007C0D39 /* Release */,
			);
			defaultConfigurationIsVisible = 0;
			defaultConfigurationName = Release;
		};
		4EA90DC326479F1D007C0D39 /* Build configuration list for PBXNativeTarget "CryptoCurrency" */ = {
			isa = XCConfigurationList;
			buildConfigurations = (
				4EA90DC426479F1D007C0D39 /* Debug */,
				4EA90DC526479F1D007C0D39 /* Release */,
			);
			defaultConfigurationIsVisible = 0;
			defaultConfigurationName = Release;
		};
/* End XCConfigurationList section */
	};
	rootObject = 4EA90DA726479F1B007C0D39 /* Project object */;
}
